artifact_type: phase4_prompt_lock
contract_version: 1.0.0
generated_at_utc: '2026-03-05T18:07:40Z'
lock_id: P4-B5
prompt:
  path: plan-drafts/Phase 4 Corpus Expansion Batch P4-B5.md
  sha1: b6897b5c72eff82ee2c24dfd4bef76bcc35569d1
  source_of_truth: external_lock_file
  note: Authoritative prompt hash lives in this lock file.
immutable_context:
  phase4_tracker_sha1: 65800fe27c47db695b084d0d80c5ae1d8d30645c
  rubric_sha1: 115f0adbe29786e5fd6a04898d5a51f7df23ad8d
  prior_prompt_sha1:
    p4_b2: c21d8cb4b3e28e814401011ff3e2dc8c69f52a6a
    p4_b2_deep: 73c1a74775ce13d21510ea410f7a9120519d2269
    p4_b3: b73ad7c9a6279e1a02a907632dedb7a909ed74d3
    p4_b4: fa2f944f21c2c376a6fc4c08d580585d5430bfd7
target_lock:
  shallow_target_count: 6
  deep_target_count: 4
  shallow_targets_sha1: ebf8710594a1424e92adbeb88c0c6f81226d8c56
  deep_targets_sha1: ee5d4bfd421df75a6df3cc8ffa1715f020c19520
  lock_timestamp_utc: '2026-03-05T18:04:09Z'
locked_targets:
  shallow:
  - obsproject/obs-studio
  - Siddhesh2377/ToolNeuron
  - snarktank/ralph
  - thedotmack/claude-mem
  - yahoojapan/NGT
  - ykdojo/claude-code-tips
  deep:
  - lancedb/lancedb
  - microsoft/llguidance
  - ruvnet/claude-flow
  - infiniflow/infinity
